<Solution>
  <Project Path="TestMauiPrism.Application/TestMauiPrism.Application.csproj" />
  <Project Path="TestMauiPrism.Domain/TestMauiPrism.Domain.csproj" />
  <Project Path="TestMauiPrism.Infrastructure/TestMauiPrism.Infrastructure.csproj" />
  <Project Path="TestMauiPrism/TestMauiPrism.csproj" />
</Solution>
